
Microsoft Visual Studio Solution File, Format Version 12.00
# Visual Studio Version 17
VisualStudioVersion = 17.7.34031.279
MinimumVisualStudioVersion = 10.0.40219.1
Project("{FAE04EC0-301F-11D3-BF4B-00C04F79EFBC}") = "HomeworkPraktiki", "HomeworkPraktiki\HomeworkPraktiki.csproj", "{9DEEECD6-FD4D-4136-ACBC-A5C515673E98}"
EndProject
Global
	GlobalSection(SolutionConfigurationPlatforms) = preSolution
		Debug|Any CPU = Debug|Any CPU
		Release|Any CPU = Release|Any CPU
	EndGlobalSection
	GlobalSection(ProjectConfigurationPlatforms) = postSolution
		{9DEEECD6-FD4D-4136-ACBC-A5C515673E98}.Debug|Any CPU.ActiveCfg = Debug|Any CPU
		{9DEEECD6-FD4D-4136-ACBC-A5C515673E98}.Debug|Any CPU.Build.0 = Debug|Any CPU
		{9DEEECD6-FD4D-4136-ACBC-A5C515673E98}.Release|Any CPU.ActiveCfg = Release|Any CPU
		{9DEEECD6-FD4D-4136-ACBC-A5C515673E98}.Release|Any CPU.Build.0 = Release|Any CPU
	EndGlobalSection
	GlobalSection(SolutionProperties) = preSolution
		HideSolutionNode = FALSE
	EndGlobalSection
	GlobalSection(ExtensibilityGlobals) = postSolution
		SolutionGuid = {E884A4C3-D0B9-4BE1-A6D1-8B7733C5F327}
	EndGlobalSection
EndGlobal
